
Microsoft Visual Studio Solution File, Format Version 12.00
# Visual Studio Version 17
VisualStudioVersion = 17.4.33110.190
MinimumVisualStudioVersion = 10.0.40219.1
Project("{FAE04EC0-301F-11D3-BF4B-00C04F79EFBC}") = "EXPRESIONES REGULARES", "EXPRESIONES REGULARES.csproj", "{69AFA09F-1D6A-4AC7-BF0C-0A78B6778C3A}"
EndProject
Global
	GlobalSection(SolutionConfigurationPlatforms) = preSolution
		Debug|Any CPU = Debug|Any CPU
		Release|Any CPU = Release|Any CPU
	EndGlobalSection
	GlobalSection(ProjectConfigurationPlatforms) = postSolution
		{69AFA09F-1D6A-4AC7-BF0C-0A78B6778C3A}.Debug|Any CPU.ActiveCfg = Debug|Any CPU
		{69AFA09F-1D6A-4AC7-BF0C-0A78B6778C3A}.Debug|Any CPU.Build.0 = Debug|Any CPU
		{69AFA09F-1D6A-4AC7-BF0C-0A78B6778C3A}.Release|Any CPU.ActiveCfg = Release|Any CPU
		{69AFA09F-1D6A-4AC7-BF0C-0A78B6778C3A}.Release|Any CPU.Build.0 = Release|Any CPU
	EndGlobalSection
	GlobalSection(SolutionProperties) = preSolution
		HideSolutionNode = FALSE
	EndGlobalSection
	GlobalSection(ExtensibilityGlobals) = postSolution
		SolutionGuid = {EEDA3C59-157B-4D81-AF9B-AA646609B0DA}
	EndGlobalSection
EndGlobal
