
Microsoft Visual Studio Solution File, Format Version 12.00
# Visual Studio Version 17
VisualStudioVersion = 17.4.33110.190
MinimumVisualStudioVersion = 10.0.40219.1
Project("{FAE04EC0-301F-11D3-BF4B-00C04F79EFBC}") = "Lanzamiento de Excepsiones", "Lanzamiento de Excepsiones.csproj", "{B2ABAE2D-CF64-4656-B2A6-628F2BBBB81C}"
EndProject
Global
	GlobalSection(SolutionConfigurationPlatforms) = preSolution
		Debug|Any CPU = Debug|Any CPU
		Release|Any CPU = Release|Any CPU
	EndGlobalSection
	GlobalSection(ProjectConfigurationPlatforms) = postSolution
		{B2ABAE2D-CF64-4656-B2A6-628F2BBBB81C}.Debug|Any CPU.ActiveCfg = Debug|Any CPU
		{B2ABAE2D-CF64-4656-B2A6-628F2BBBB81C}.Debug|Any CPU.Build.0 = Debug|Any CPU
		{B2ABAE2D-CF64-4656-B2A6-628F2BBBB81C}.Release|Any CPU.ActiveCfg = Release|Any CPU
		{B2ABAE2D-CF64-4656-B2A6-628F2BBBB81C}.Release|Any CPU.Build.0 = Release|Any CPU
	EndGlobalSection
	GlobalSection(SolutionProperties) = preSolution
		HideSolutionNode = FALSE
	EndGlobalSection
	GlobalSection(ExtensibilityGlobals) = postSolution
		SolutionGuid = {E5240805-9148-42C7-BB71-44A316FFFFAB}
	EndGlobalSection
EndGlobal
