
Microsoft Visual Studio Solution File, Format Version 12.00
# Visual Studio Version 17
VisualStudioVersion = 17.4.33110.190
MinimumVisualStudioVersion = 10.0.40219.1
Project("{FAE04EC0-301F-11D3-BF4B-00C04F79EFBC}") = "INTERFACES GRAFICAS 1", "INTERFACES GRAFICAS 1.csproj", "{DC5CFAF7-ECC4-4D63-AA32-AB3DD00BE143}"
EndProject
Global
	GlobalSection(SolutionConfigurationPlatforms) = preSolution
		Debug|Any CPU = Debug|Any CPU
		Release|Any CPU = Release|Any CPU
	EndGlobalSection
	GlobalSection(ProjectConfigurationPlatforms) = postSolution
		{DC5CFAF7-ECC4-4D63-AA32-AB3DD00BE143}.Debug|Any CPU.ActiveCfg = Debug|Any CPU
		{DC5CFAF7-ECC4-4D63-AA32-AB3DD00BE143}.Debug|Any CPU.Build.0 = Debug|Any CPU
		{DC5CFAF7-ECC4-4D63-AA32-AB3DD00BE143}.Release|Any CPU.ActiveCfg = Release|Any CPU
		{DC5CFAF7-ECC4-4D63-AA32-AB3DD00BE143}.Release|Any CPU.Build.0 = Release|Any CPU
	EndGlobalSection
	GlobalSection(SolutionProperties) = preSolution
		HideSolutionNode = FALSE
	EndGlobalSection
	GlobalSection(ExtensibilityGlobals) = postSolution
		SolutionGuid = {16B34F5E-DB12-4585-9B22-A7EE7D08287F}
	EndGlobalSection
EndGlobal
