
Microsoft Visual Studio Solution File, Format Version 12.00
# Visual Studio Version 17
VisualStudioVersion = 17.4.33110.190
MinimumVisualStudioVersion = 10.0.40219.1
Project("{FAE04EC0-301F-11D3-BF4B-00C04F79EFBC}") = "INTERFAZ GRAFICAS NOTIFY PROPERY CHANGED", "INTERFAZ GRAFICAS NOTIFY PROPERY CHANGED.csproj", "{F5C47ED6-E357-42E6-B52A-6E3403DFA76F}"
EndProject
Global
	GlobalSection(SolutionConfigurationPlatforms) = preSolution
		Debug|Any CPU = Debug|Any CPU
		Release|Any CPU = Release|Any CPU
	EndGlobalSection
	GlobalSection(ProjectConfigurationPlatforms) = postSolution
		{F5C47ED6-E357-42E6-B52A-6E3403DFA76F}.Debug|Any CPU.ActiveCfg = Debug|Any CPU
		{F5C47ED6-E357-42E6-B52A-6E3403DFA76F}.Debug|Any CPU.Build.0 = Debug|Any CPU
		{F5C47ED6-E357-42E6-B52A-6E3403DFA76F}.Release|Any CPU.ActiveCfg = Release|Any CPU
		{F5C47ED6-E357-42E6-B52A-6E3403DFA76F}.Release|Any CPU.Build.0 = Release|Any CPU
	EndGlobalSection
	GlobalSection(SolutionProperties) = preSolution
		HideSolutionNode = FALSE
	EndGlobalSection
	GlobalSection(ExtensibilityGlobals) = postSolution
		SolutionGuid = {23BC4072-33C8-49E9-BEFA-AA8CF56C6CDA}
	EndGlobalSection
EndGlobal
