
Microsoft Visual Studio Solution File, Format Version 12.00
# Visual Studio Version 17
VisualStudioVersion = 17.4.33110.190
MinimumVisualStudioVersion = 10.0.40219.1
Project("{FAE04EC0-301F-11D3-BF4B-00C04F79EFBC}") = "ensayo", "ensayo.csproj", "{A3153685-5A64-4D7A-9942-CFDDBBE37BF2}"
EndProject
Global
	GlobalSection(SolutionConfigurationPlatforms) = preSolution
		Debug|Any CPU = Debug|Any CPU
		Release|Any CPU = Release|Any CPU
	EndGlobalSection
	GlobalSection(ProjectConfigurationPlatforms) = postSolution
		{A3153685-5A64-4D7A-9942-CFDDBBE37BF2}.Debug|Any CPU.ActiveCfg = Debug|Any CPU
		{A3153685-5A64-4D7A-9942-CFDDBBE37BF2}.Debug|Any CPU.Build.0 = Debug|Any CPU
		{A3153685-5A64-4D7A-9942-CFDDBBE37BF2}.Release|Any CPU.ActiveCfg = Release|Any CPU
		{A3153685-5A64-4D7A-9942-CFDDBBE37BF2}.Release|Any CPU.Build.0 = Release|Any CPU
	EndGlobalSection
	GlobalSection(SolutionProperties) = preSolution
		HideSolutionNode = FALSE
	EndGlobalSection
	GlobalSection(ExtensibilityGlobals) = postSolution
		SolutionGuid = {FC989342-3FB0-4A3D-9E23-38DACC626D91}
	EndGlobalSection
EndGlobal
