
Microsoft Visual Studio Solution File, Format Version 12.00
# Visual Studio Version 17
VisualStudioVersion = 17.4.33110.190
MinimumVisualStudioVersion = 10.0.40219.1
Project("{FAE04EC0-301F-11D3-BF4B-00C04F79EFBC}") = "ENUM", "ENUM.csproj", "{2060AEDA-850E-4671-8142-4FE22E219A71}"
EndProject
Global
	GlobalSection(SolutionConfigurationPlatforms) = preSolution
		Debug|Any CPU = Debug|Any CPU
		Release|Any CPU = Release|Any CPU
	EndGlobalSection
	GlobalSection(ProjectConfigurationPlatforms) = postSolution
		{2060AEDA-850E-4671-8142-4FE22E219A71}.Debug|Any CPU.ActiveCfg = Debug|Any CPU
		{2060AEDA-850E-4671-8142-4FE22E219A71}.Debug|Any CPU.Build.0 = Debug|Any CPU
		{2060AEDA-850E-4671-8142-4FE22E219A71}.Release|Any CPU.ActiveCfg = Release|Any CPU
		{2060AEDA-850E-4671-8142-4FE22E219A71}.Release|Any CPU.Build.0 = Release|Any CPU
	EndGlobalSection
	GlobalSection(SolutionProperties) = preSolution
		HideSolutionNode = FALSE
	EndGlobalSection
	GlobalSection(ExtensibilityGlobals) = postSolution
		SolutionGuid = {343B3277-E8F2-42F8-8386-46041ED7A17D}
	EndGlobalSection
EndGlobal
