
Microsoft Visual Studio Solution File, Format Version 12.00
# Visual Studio Version 17
VisualStudioVersion = 17.4.33110.190
MinimumVisualStudioVersion = 10.0.40219.1
Project("{FAE04EC0-301F-11D3-BF4B-00C04F79EFBC}") = "ARRAYS IMPLICITO", "ARRAYS IMPLICITO.csproj", "{867BD082-BAF9-48D2-9B57-B2F57BFE6DFF}"
EndProject
Global
	GlobalSection(SolutionConfigurationPlatforms) = preSolution
		Debug|Any CPU = Debug|Any CPU
		Release|Any CPU = Release|Any CPU
	EndGlobalSection
	GlobalSection(ProjectConfigurationPlatforms) = postSolution
		{867BD082-BAF9-48D2-9B57-B2F57BFE6DFF}.Debug|Any CPU.ActiveCfg = Debug|Any CPU
		{867BD082-BAF9-48D2-9B57-B2F57BFE6DFF}.Debug|Any CPU.Build.0 = Debug|Any CPU
		{867BD082-BAF9-48D2-9B57-B2F57BFE6DFF}.Release|Any CPU.ActiveCfg = Release|Any CPU
		{867BD082-BAF9-48D2-9B57-B2F57BFE6DFF}.Release|Any CPU.Build.0 = Release|Any CPU
	EndGlobalSection
	GlobalSection(SolutionProperties) = preSolution
		HideSolutionNode = FALSE
	EndGlobalSection
	GlobalSection(ExtensibilityGlobals) = postSolution
		SolutionGuid = {0C1C6404-D792-4EC3-8409-925D0B185E47}
	EndGlobalSection
EndGlobal
