
Microsoft Visual Studio Solution File, Format Version 12.00
# Visual Studio Version 17
VisualStudioVersion = 17.4.33110.190
MinimumVisualStudioVersion = 10.0.40219.1
Project("{FAE04EC0-301F-11D3-BF4B-00C04F79EFBC}") = "CONCEPTOS POO", "CONCEPTOS POO.csproj", "{74869BC2-A299-4ADF-B5B5-2449C616421B}"
EndProject
Global
	GlobalSection(SolutionConfigurationPlatforms) = preSolution
		Debug|Any CPU = Debug|Any CPU
		Release|Any CPU = Release|Any CPU
	EndGlobalSection
	GlobalSection(ProjectConfigurationPlatforms) = postSolution
		{74869BC2-A299-4ADF-B5B5-2449C616421B}.Debug|Any CPU.ActiveCfg = Debug|Any CPU
		{74869BC2-A299-4ADF-B5B5-2449C616421B}.Debug|Any CPU.Build.0 = Debug|Any CPU
		{74869BC2-A299-4ADF-B5B5-2449C616421B}.Release|Any CPU.ActiveCfg = Release|Any CPU
		{74869BC2-A299-4ADF-B5B5-2449C616421B}.Release|Any CPU.Build.0 = Release|Any CPU
	EndGlobalSection
	GlobalSection(SolutionProperties) = preSolution
		HideSolutionNode = FALSE
	EndGlobalSection
	GlobalSection(ExtensibilityGlobals) = postSolution
		SolutionGuid = {175AE78E-176C-4725-9DD2-C4CD21A0F365}
	EndGlobalSection
EndGlobal
