
Microsoft Visual Studio Solution File, Format Version 12.00
# Visual Studio Version 17
VisualStudioVersion = 17.4.33110.190
MinimumVisualStudioVersion = 10.0.40219.1
Project("{FAE04EC0-301F-11D3-BF4B-00C04F79EFBC}") = "COLECCIONES", "COLECCIONES.csproj", "{9371037F-EDD9-4123-8FBD-BCF9D2C684A0}"
EndProject
Global
	GlobalSection(SolutionConfigurationPlatforms) = preSolution
		Debug|Any CPU = Debug|Any CPU
		Release|Any CPU = Release|Any CPU
	EndGlobalSection
	GlobalSection(ProjectConfigurationPlatforms) = postSolution
		{9371037F-EDD9-4123-8FBD-BCF9D2C684A0}.Debug|Any CPU.ActiveCfg = Debug|Any CPU
		{9371037F-EDD9-4123-8FBD-BCF9D2C684A0}.Debug|Any CPU.Build.0 = Debug|Any CPU
		{9371037F-EDD9-4123-8FBD-BCF9D2C684A0}.Release|Any CPU.ActiveCfg = Release|Any CPU
		{9371037F-EDD9-4123-8FBD-BCF9D2C684A0}.Release|Any CPU.Build.0 = Release|Any CPU
	EndGlobalSection
	GlobalSection(SolutionProperties) = preSolution
		HideSolutionNode = FALSE
	EndGlobalSection
	GlobalSection(ExtensibilityGlobals) = postSolution
		SolutionGuid = {2F07BAFF-A9C2-453F-92EF-1EF12F56BF00}
	EndGlobalSection
EndGlobal
