
Microsoft Visual Studio Solution File, Format Version 12.00
# Visual Studio Version 17
VisualStudioVersion = 17.4.33110.190
MinimumVisualStudioVersion = 10.0.40219.1
Project("{FAE04EC0-301F-11D3-BF4B-00C04F79EFBC}") = "HERENCIA", "HERENCIA.csproj", "{E81ABF17-71F6-45A7-94F6-68774E5666EE}"
EndProject
Global
	GlobalSection(SolutionConfigurationPlatforms) = preSolution
		Debug|Any CPU = Debug|Any CPU
		Release|Any CPU = Release|Any CPU
	EndGlobalSection
	GlobalSection(ProjectConfigurationPlatforms) = postSolution
		{E81ABF17-71F6-45A7-94F6-68774E5666EE}.Debug|Any CPU.ActiveCfg = Debug|Any CPU
		{E81ABF17-71F6-45A7-94F6-68774E5666EE}.Debug|Any CPU.Build.0 = Debug|Any CPU
		{E81ABF17-71F6-45A7-94F6-68774E5666EE}.Release|Any CPU.ActiveCfg = Release|Any CPU
		{E81ABF17-71F6-45A7-94F6-68774E5666EE}.Release|Any CPU.Build.0 = Release|Any CPU
	EndGlobalSection
	GlobalSection(SolutionProperties) = preSolution
		HideSolutionNode = FALSE
	EndGlobalSection
	GlobalSection(ExtensibilityGlobals) = postSolution
		SolutionGuid = {00497C18-8FAA-468A-BE0C-18C4D08B41C4}
	EndGlobalSection
EndGlobal
