
Microsoft Visual Studio Solution File, Format Version 12.00
# Visual Studio Version 17
VisualStudioVersion = 17.4.33110.190
MinimumVisualStudioVersion = 10.0.40219.1
Project("{FAE04EC0-301F-11D3-BF4B-00C04F79EFBC}") = "SWITCH EN CONSOLA", "SWITCH EN CONSOLA.csproj", "{ACBC1C8E-24B1-4D46-A9EC-E1EA34528815}"
EndProject
Global
	GlobalSection(SolutionConfigurationPlatforms) = preSolution
		Debug|Any CPU = Debug|Any CPU
		Release|Any CPU = Release|Any CPU
	EndGlobalSection
	GlobalSection(ProjectConfigurationPlatforms) = postSolution
		{ACBC1C8E-24B1-4D46-A9EC-E1EA34528815}.Debug|Any CPU.ActiveCfg = Debug|Any CPU
		{ACBC1C8E-24B1-4D46-A9EC-E1EA34528815}.Debug|Any CPU.Build.0 = Debug|Any CPU
		{ACBC1C8E-24B1-4D46-A9EC-E1EA34528815}.Release|Any CPU.ActiveCfg = Release|Any CPU
		{ACBC1C8E-24B1-4D46-A9EC-E1EA34528815}.Release|Any CPU.Build.0 = Release|Any CPU
	EndGlobalSection
	GlobalSection(SolutionProperties) = preSolution
		HideSolutionNode = FALSE
	EndGlobalSection
	GlobalSection(ExtensibilityGlobals) = postSolution
		SolutionGuid = {642A8378-AC63-435C-BA50-40EC18AEBEA7}
	EndGlobalSection
EndGlobal
