
Microsoft Visual Studio Solution File, Format Version 12.00
# Visual Studio Version 17
VisualStudioVersion = 17.4.33110.190
MinimumVisualStudioVersion = 10.0.40219.1
Project("{FAE04EC0-301F-11D3-BF4B-00C04F79EFBC}") = "CLASE RANDOM WHILE", "CLASE RANDOM WHILE.csproj", "{99473B36-9772-4DE4-82DF-618E4B3B4B23}"
EndProject
Global
	GlobalSection(SolutionConfigurationPlatforms) = preSolution
		Debug|Any CPU = Debug|Any CPU
		Release|Any CPU = Release|Any CPU
	EndGlobalSection
	GlobalSection(ProjectConfigurationPlatforms) = postSolution
		{99473B36-9772-4DE4-82DF-618E4B3B4B23}.Debug|Any CPU.ActiveCfg = Debug|Any CPU
		{99473B36-9772-4DE4-82DF-618E4B3B4B23}.Debug|Any CPU.Build.0 = Debug|Any CPU
		{99473B36-9772-4DE4-82DF-618E4B3B4B23}.Release|Any CPU.ActiveCfg = Release|Any CPU
		{99473B36-9772-4DE4-82DF-618E4B3B4B23}.Release|Any CPU.Build.0 = Release|Any CPU
	EndGlobalSection
	GlobalSection(SolutionProperties) = preSolution
		HideSolutionNode = FALSE
	EndGlobalSection
	GlobalSection(ExtensibilityGlobals) = postSolution
		SolutionGuid = {1343EF17-E7D7-4DD4-B02C-702CF1C7D6F4}
	EndGlobalSection
EndGlobal
