
Microsoft Visual Studio Solution File, Format Version 12.00
# Visual Studio Version 17
VisualStudioVersion = 17.4.33110.190
MinimumVisualStudioVersion = 10.0.40219.1
Project("{FAE04EC0-301F-11D3-BF4B-00C04F79EFBC}") = "CONSTRUCTORES", "CONSTRUCTORES.csproj", "{4CD14B04-DA2A-4CD7-A1EB-110F18DEB5CC}"
EndProject
Global
	GlobalSection(SolutionConfigurationPlatforms) = preSolution
		Debug|Any CPU = Debug|Any CPU
		Release|Any CPU = Release|Any CPU
	EndGlobalSection
	GlobalSection(ProjectConfigurationPlatforms) = postSolution
		{4CD14B04-DA2A-4CD7-A1EB-110F18DEB5CC}.Debug|Any CPU.ActiveCfg = Debug|Any CPU
		{4CD14B04-DA2A-4CD7-A1EB-110F18DEB5CC}.Debug|Any CPU.Build.0 = Debug|Any CPU
		{4CD14B04-DA2A-4CD7-A1EB-110F18DEB5CC}.Release|Any CPU.ActiveCfg = Release|Any CPU
		{4CD14B04-DA2A-4CD7-A1EB-110F18DEB5CC}.Release|Any CPU.Build.0 = Release|Any CPU
	EndGlobalSection
	GlobalSection(SolutionProperties) = preSolution
		HideSolutionNode = FALSE
	EndGlobalSection
	GlobalSection(ExtensibilityGlobals) = postSolution
		SolutionGuid = {41E05F55-B190-435F-8606-29C155E15757}
	EndGlobalSection
EndGlobal
