
Microsoft Visual Studio Solution File, Format Version 12.00
# Visual Studio Version 17
VisualStudioVersion = 17.4.33110.190
MinimumVisualStudioVersion = 10.0.40219.1
Project("{FAE04EC0-301F-11D3-BF4B-00C04F79EFBC}") = "EXPRESINES LAMBDAS Y PREDICADOS", "EXPRESINES LAMBDAS Y PREDICADOS.csproj", "{6C4A47E3-6B0A-4D9F-9833-644E3AAC5B4A}"
EndProject
Global
	GlobalSection(SolutionConfigurationPlatforms) = preSolution
		Debug|Any CPU = Debug|Any CPU
		Release|Any CPU = Release|Any CPU
	EndGlobalSection
	GlobalSection(ProjectConfigurationPlatforms) = postSolution
		{6C4A47E3-6B0A-4D9F-9833-644E3AAC5B4A}.Debug|Any CPU.ActiveCfg = Debug|Any CPU
		{6C4A47E3-6B0A-4D9F-9833-644E3AAC5B4A}.Debug|Any CPU.Build.0 = Debug|Any CPU
		{6C4A47E3-6B0A-4D9F-9833-644E3AAC5B4A}.Release|Any CPU.ActiveCfg = Release|Any CPU
		{6C4A47E3-6B0A-4D9F-9833-644E3AAC5B4A}.Release|Any CPU.Build.0 = Release|Any CPU
	EndGlobalSection
	GlobalSection(SolutionProperties) = preSolution
		HideSolutionNode = FALSE
	EndGlobalSection
	GlobalSection(ExtensibilityGlobals) = postSolution
		SolutionGuid = {CEC5C43B-937B-447F-9FF4-7DF2A4379092}
	EndGlobalSection
EndGlobal
