
Microsoft Visual Studio Solution File, Format Version 12.00
# Visual Studio Version 17
VisualStudioVersion = 17.4.33110.190
MinimumVisualStudioVersion = 10.0.40219.1
Project("{FAE04EC0-301F-11D3-BF4B-00C04F79EFBC}") = "INTERFACES GRAFICAS 3 DEPENDENCIAS", "INTERFACES GRAFICAS 3 DEPENDENCIAS.csproj", "{2D7973F0-7732-4AC4-8ABC-3CFF187A667C}"
EndProject
Global
	GlobalSection(SolutionConfigurationPlatforms) = preSolution
		Debug|Any CPU = Debug|Any CPU
		Release|Any CPU = Release|Any CPU
	EndGlobalSection
	GlobalSection(ProjectConfigurationPlatforms) = postSolution
		{2D7973F0-7732-4AC4-8ABC-3CFF187A667C}.Debug|Any CPU.ActiveCfg = Debug|Any CPU
		{2D7973F0-7732-4AC4-8ABC-3CFF187A667C}.Debug|Any CPU.Build.0 = Debug|Any CPU
		{2D7973F0-7732-4AC4-8ABC-3CFF187A667C}.Release|Any CPU.ActiveCfg = Release|Any CPU
		{2D7973F0-7732-4AC4-8ABC-3CFF187A667C}.Release|Any CPU.Build.0 = Release|Any CPU
	EndGlobalSection
	GlobalSection(SolutionProperties) = preSolution
		HideSolutionNode = FALSE
	EndGlobalSection
	GlobalSection(ExtensibilityGlobals) = postSolution
		SolutionGuid = {A7484768-20F0-4AFD-83BC-315EA87CD95B}
	EndGlobalSection
EndGlobal
