
Microsoft Visual Studio Solution File, Format Version 12.00
# Visual Studio Version 17
VisualStudioVersion = 17.4.33110.190
MinimumVisualStudioVersion = 10.0.40219.1
Project("{FAE04EC0-301F-11D3-BF4B-00C04F79EFBC}") = "INTERAZ GRAFICA 2 GRID", "INTERAZ GRAFICA 2 GRID.csproj", "{4454359C-6D06-4BDD-9F58-A6F2B09B19F3}"
EndProject
Global
	GlobalSection(SolutionConfigurationPlatforms) = preSolution
		Debug|Any CPU = Debug|Any CPU
		Release|Any CPU = Release|Any CPU
	EndGlobalSection
	GlobalSection(ProjectConfigurationPlatforms) = postSolution
		{4454359C-6D06-4BDD-9F58-A6F2B09B19F3}.Debug|Any CPU.ActiveCfg = Debug|Any CPU
		{4454359C-6D06-4BDD-9F58-A6F2B09B19F3}.Debug|Any CPU.Build.0 = Debug|Any CPU
		{4454359C-6D06-4BDD-9F58-A6F2B09B19F3}.Release|Any CPU.ActiveCfg = Release|Any CPU
		{4454359C-6D06-4BDD-9F58-A6F2B09B19F3}.Release|Any CPU.Build.0 = Release|Any CPU
	EndGlobalSection
	GlobalSection(SolutionProperties) = preSolution
		HideSolutionNode = FALSE
	EndGlobalSection
	GlobalSection(ExtensibilityGlobals) = postSolution
		SolutionGuid = {17656707-418A-4468-9C13-C78C55501830}
	EndGlobalSection
EndGlobal
